// !$*UTF8*$!
{
	archiveVersion = 1;
	classes = {
	};
	objectVersion = 46;
	objects = {

/* Begin PBXBuildFile section */
		7E14F8401422FAA300AB80F1 /* main.cpp in Sources */ = {isa = PBXBuildFile; fileRef = 7E14F83F1422FAA300AB80F1 /* main.cpp */; };
		7E29AF29179F886E00B2C5CB /* MarkerRenderer.cpp in Sources */ = {isa = PBXBuildFile; fileRef = 7E29AF27179F886E00B2C5CB /* MarkerRenderer.cpp */; };
		7E29AF2C179F897A00B2C5CB /* VideoStreamRenderer.cpp in Sources */ = {isa = PBXBuildFile; fileRef = 7E29AF2A179F897A00B2C5CB /* VideoStreamRenderer.cpp */; };
		7E53597617B884B9001C1D7A /* FastAlignment.cpp in Sources */ = {isa = PBXBuildFile; fileRef = 7E53597417B884B9001C1D7A /* FastAlignment.cpp */; };
		7E53597917B88567001C1D7A /* HybridMotionModel.cpp in Sources */ = {isa = PBXBuildFile; fileRef = 7E53597717B88567001C1D7A /* HybridMotionModel.cpp */; };
		7E53597C17B885F0001C1D7A /* OpticalFlowMotionModel.cpp in Sources */ = {isa = PBXBuildFile; fileRef = 7E53597A17B885EF001C1D7A /* OpticalFlowMotionModel.cpp */; };
		7E61CF0F158F8D6C00A414F8 /* Textures in CopyFiles */ = {isa = PBXBuildFile; fileRef = 7E61CF06158F817C00A414F8 /* Textures */; };
		7E8EEE7615E48A0A006AC4AF /* FeatureAlgorithm.cpp in Sources */ = {isa = PBXBuildFile; fileRef = 7E8EEE7415E48A0A006AC4AF /* FeatureAlgorithm.cpp */; };
		7E9EA73C142306E300F8BC49 /* OpenGL.framework in Frameworks */ = {isa = PBXBuildFile; fileRef = 7E9EA73B142306E300F8BC49 /* OpenGL.framework */; };
		7EA4D10214E8097600D5C4C6 /* Shaders in CopyFiles */ = {isa = PBXBuildFile; fileRef = 7EA4D0E614E7F98000D5C4C6 /* Shaders */; };
		7EA5988F172B54CA0064B19E /* FeaturePoint.cpp in Sources */ = {isa = PBXBuildFile; fileRef = 7EA5988D172B54CA0064B19E /* FeaturePoint.cpp */; };
		7EAD14AB176D6B1900E9FC60 /* MotionModel.cpp in Sources */ = {isa = PBXBuildFile; fileRef = 7EAD14A9176D6B1900E9FC60 /* MotionModel.cpp */; };
		7EAD794914FF0F38006A4F25 /* FeaturePoints.cpp in Sources */ = {isa = PBXBuildFile; fileRef = 7EAD794714FF0F38006A4F25 /* FeaturePoints.cpp */; };
		7EAE16DF1725745900D69539 /* FeatureTable.cpp in Sources */ = {isa = PBXBuildFile; fileRef = 7EAE16DD1725745900D69539 /* FeatureTable.cpp */; };
		7EB66DB1177298DC007CF247 /* BasicSensorMotionModel.cpp in Sources */ = {isa = PBXBuildFile; fileRef = 7EB66DAF177298DC007CF247 /* BasicSensorMotionModel.cpp */; };
		7ED8E072173A27BE009814A2 /* Fonts in CopyFiles */ = {isa = PBXBuildFile; fileRef = 7ED8E071173A2597009814A2 /* Fonts */; };
		7EF9533A14E268A000F17E0D /* VideoStream.cpp in Sources */ = {isa = PBXBuildFile; fileRef = 7EF9533814E268A000F17E0D /* VideoStream.cpp */; };
		7EFA1F6F178C54AA00A2EE68 /* AxisRenderer.cpp in Sources */ = {isa = PBXBuildFile; fileRef = 7EFA1F6D178C54AA00A2EE68 /* AxisRenderer.cpp */; };
/* End PBXBuildFile section */

/* Begin PBXCopyFilesBuildPhase section */
		7E14F8391422FAA200AB80F1 /* CopyFiles */ = {
			isa = PBXCopyFilesBuildPhase;
			buildActionMask = 12;
			dstPath = "";
			dstSubfolderSpec = 16;
			files = (
				7EA4D10214E8097600D5C4C6 /* Shaders in CopyFiles */,
				7E61CF0F158F8D6C00A414F8 /* Textures in CopyFiles */,
				7ED8E072173A27BE009814A2 /* Fonts in CopyFiles */,
			);
			runOnlyForDeploymentPostprocessing = 0;
		};
/* End PBXCopyFilesBuildPhase section */

/* Begin PBXFileReference section */
		7E14F83B1422FAA200AB80F1 /* Transform Flow */ = {isa = PBXFileReference; explicitFileType = "compiled.mach-o.executable"; includeInIndex = 0; path = "Transform Flow"; sourceTree = BUILT_PRODUCTS_DIR; };
		7E14F83F1422FAA300AB80F1 /* main.cpp */ = {isa = PBXFileReference; lastKnownFileType = sourcecode.cpp.cpp; path = main.cpp; sourceTree = "<group>"; };
		7E14F84D1422FB0000AB80F1 /* transform-flow.xcconfig */ = {isa = PBXFileReference; fileEncoding = 4; lastKnownFileType = text.xcconfig; name = "transform-flow.xcconfig"; path = "teapot/transform-flow.xcconfig"; sourceTree = "<group>"; };
		7E29AF27179F886E00B2C5CB /* MarkerRenderer.cpp */ = {isa = PBXFileReference; fileEncoding = 4; lastKnownFileType = sourcecode.cpp.cpp; name = MarkerRenderer.cpp; path = Renderer/MarkerRenderer.cpp; sourceTree = "<group>"; };
		7E29AF28179F886E00B2C5CB /* MarkerRenderer.h */ = {isa = PBXFileReference; fileEncoding = 4; lastKnownFileType = sourcecode.c.h; name = MarkerRenderer.h; path = Renderer/MarkerRenderer.h; sourceTree = "<group>"; };
		7E29AF2A179F897A00B2C5CB /* VideoStreamRenderer.cpp */ = {isa = PBXFileReference; fileEncoding = 4; lastKnownFileType = sourcecode.cpp.cpp; name = VideoStreamRenderer.cpp; path = Renderer/VideoStreamRenderer.cpp; sourceTree = "<group>"; };
		7E29AF2B179F897A00B2C5CB /* VideoStreamRenderer.h */ = {isa = PBXFileReference; fileEncoding = 4; lastKnownFileType = sourcecode.c.h; name = VideoStreamRenderer.h; path = Renderer/VideoStreamRenderer.h; sourceTree = "<group>"; };
		7E3384EF178D0AE5005F21D9 /* teapot.xcconfig */ = {isa = PBXFileReference; lastKnownFileType = text.xcconfig; name = teapot.xcconfig; path = teapot/teapot.xcconfig; sourceTree = SOURCE_ROOT; };
		7E53597417B884B9001C1D7A /* FastAlignment.cpp */ = {isa = PBXFileReference; fileEncoding = 4; lastKnownFileType = sourcecode.cpp.cpp; path = FastAlignment.cpp; sourceTree = "<group>"; };
		7E53597517B884B9001C1D7A /* FastAlignment.h */ = {isa = PBXFileReference; fileEncoding = 4; lastKnownFileType = sourcecode.c.h; path = FastAlignment.h; sourceTree = "<group>"; };
		7E53597717B88567001C1D7A /* HybridMotionModel.cpp */ = {isa = PBXFileReference; fileEncoding = 4; lastKnownFileType = sourcecode.cpp.cpp; path = HybridMotionModel.cpp; sourceTree = "<group>"; };
		7E53597817B88567001C1D7A /* HybridMotionModel.h */ = {isa = PBXFileReference; fileEncoding = 4; lastKnownFileType = sourcecode.c.h; path = HybridMotionModel.h; sourceTree = "<group>"; };
		7E53597A17B885EF001C1D7A /* OpticalFlowMotionModel.cpp */ = {isa = PBXFileReference; fileEncoding = 4; lastKnownFileType = sourcecode.cpp.cpp; path = OpticalFlowMotionModel.cpp; sourceTree = "<group>"; };
		7E53597B17B885F0001C1D7A /* OpticalFlowMotionModel.h */ = {isa = PBXFileReference; fileEncoding = 4; lastKnownFileType = sourcecode.c.h; path = OpticalFlowMotionModel.h; sourceTree = "<group>"; };
		7E61CF06158F817C00A414F8 /* Textures */ = {isa = PBXFileReference; lastKnownFileType = folder; path = Textures; sourceTree = "<group>"; };
		7E8EEE7415E48A0A006AC4AF /* FeatureAlgorithm.cpp */ = {isa = PBXFileReference; fileEncoding = 4; lastKnownFileType = sourcecode.cpp.cpp; path = FeatureAlgorithm.cpp; sourceTree = "<group>"; };
		7E8EEE7515E48A0A006AC4AF /* FeatureAlgorithm.h */ = {isa = PBXFileReference; fileEncoding = 4; lastKnownFileType = sourcecode.c.h; path = FeatureAlgorithm.h; sourceTree = "<group>"; };
		7E9EA73B142306E300F8BC49 /* OpenGL.framework */ = {isa = PBXFileReference; lastKnownFileType = wrapper.framework; name = OpenGL.framework; path = System/Library/Frameworks/OpenGL.framework; sourceTree = SDKROOT; };
		7EA4D0E614E7F98000D5C4C6 /* Shaders */ = {isa = PBXFileReference; lastKnownFileType = folder; path = Shaders; sourceTree = "<group>"; };
		7EA5988D172B54CA0064B19E /* FeaturePoint.cpp */ = {isa = PBXFileReference; fileEncoding = 4; lastKnownFileType = sourcecode.cpp.cpp; path = FeaturePoint.cpp; sourceTree = "<group>"; };
		7EA5988E172B54CA0064B19E /* FeaturePoint.h */ = {isa = PBXFileReference; fileEncoding = 4; lastKnownFileType = sourcecode.c.h; path = FeaturePoint.h; sourceTree = "<group>"; };
		7EAD14A9176D6B1900E9FC60 /* MotionModel.cpp */ = {isa = PBXFileReference; fileEncoding = 4; lastKnownFileType = sourcecode.cpp.cpp; path = MotionModel.cpp; sourceTree = "<group>"; };
		7EAD14AA176D6B1900E9FC60 /* MotionModel.h */ = {isa = PBXFileReference; fileEncoding = 4; lastKnownFileType = sourcecode.c.h; path = MotionModel.h; sourceTree = "<group>"; };
		7EAD794714FF0F38006A4F25 /* FeaturePoints.cpp */ = {isa = PBXFileReference; fileEncoding = 4; lastKnownFileType = sourcecode.cpp.cpp; path = FeaturePoints.cpp; sourceTree = "<group>"; };
		7EAD794814FF0F38006A4F25 /* FeaturePoints.h */ = {isa = PBXFileReference; fileEncoding = 4; lastKnownFileType = sourcecode.c.h; path = FeaturePoints.h; sourceTree = "<group>"; };
		7EAE16DD1725745900D69539 /* FeatureTable.cpp */ = {isa = PBXFileReference; fileEncoding = 4; lastKnownFileType = sourcecode.cpp.cpp; path = FeatureTable.cpp; sourceTree = "<group>"; };
		7EAE16DE1725745900D69539 /* FeatureTable.h */ = {isa = PBXFileReference; fileEncoding = 4; lastKnownFileType = sourcecode.c.h; path = FeatureTable.h; sourceTree = "<group>"; };
		7EB66DAF177298DC007CF247 /* BasicSensorMotionModel.cpp */ = {isa = PBXFileReference; fileEncoding = 4; lastKnownFileType = sourcecode.cpp.cpp; path = BasicSensorMotionModel.cpp; sourceTree = "<group>"; };
		7EB66DB0177298DC007CF247 /* BasicSensorMotionModel.h */ = {isa = PBXFileReference; fileEncoding = 4; lastKnownFileType = sourcecode.c.h; path = BasicSensorMotionModel.h; sourceTree = "<group>"; };
		7ED8E071173A2597009814A2 /* Fonts */ = {isa = PBXFileReference; lastKnownFileType = folder; path = Fonts; sourceTree = "<group>"; };
		7EF9533814E268A000F17E0D /* VideoStream.cpp */ = {isa = PBXFileReference; fileEncoding = 4; lastKnownFileType = sourcecode.cpp.cpp; path = VideoStream.cpp; sourceTree = "<group>"; };
		7EF9533914E268A000F17E0D /* VideoStream.h */ = {isa = PBXFileReference; fileEncoding = 4; lastKnownFileType = sourcecode.c.h; path = VideoStream.h; sourceTree = "<group>"; };
		7EFA1F6D178C54AA00A2EE68 /* AxisRenderer.cpp */ = {isa = PBXFileReference; fileEncoding = 4; lastKnownFileType = sourcecode.cpp.cpp; name = AxisRenderer.cpp; path = source/TransformFlow/AxisRenderer.cpp; sourceTree = SOURCE_ROOT; };
		7EFA1F6E178C54AA00A2EE68 /* AxisRenderer.h */ = {isa = PBXFileReference; fileEncoding = 4; lastKnownFileType = sourcecode.c.h; name = AxisRenderer.h; path = source/TransformFlow/AxisRenderer.h; sourceTree = SOURCE_ROOT; };
/* End PBXFileReference section */

/* Begin PBXFrameworksBuildPhase section */
		7E14F8381422FAA200AB80F1 /* Frameworks */ = {
			isa = PBXFrameworksBuildPhase;
			buildActionMask = 2147483647;
			files = (
				7E9EA73C142306E300F8BC49 /* OpenGL.framework in Frameworks */,
			);
			runOnlyForDeploymentPostprocessing = 0;
		};
/* End PBXFrameworksBuildPhase section */

/* Begin PBXGroup section */
		7E14F8301422FAA200AB80F1 = {
			isa = PBXGroup;
			children = (
				7E3384EF178D0AE5005F21D9 /* teapot.xcconfig */,
				7E14F84D1422FB0000AB80F1 /* transform-flow.xcconfig */,
				7E14F83E1422FAA200AB80F1 /* Transform Flow */,
				7E9E41C014286DCF0061260C /* Frameworks */,
				7E14F83C1422FAA200AB80F1 /* Products */,
			);
			sourceTree = "<group>";
		};
		7E14F83C1422FAA200AB80F1 /* Products */ = {
			isa = PBXGroup;
			children = (
				7E14F83B1422FAA200AB80F1 /* Transform Flow */,
			);
			name = Products;
			sourceTree = "<group>";
		};
		7E14F83E1422FAA200AB80F1 /* Transform Flow */ = {
			isa = PBXGroup;
			children = (
				7E29AF25179F878F00B2C5CB /* Algorithms */,
				7E29AF26179F87A900B2C5CB /* Renderer */,
				7E14F83F1422FAA300AB80F1 /* main.cpp */,
				7ED8E071173A2597009814A2 /* Fonts */,
				7E61CF06158F817C00A414F8 /* Textures */,
				7EA4D0E614E7F98000D5C4C6 /* Shaders */,
				7E9E423F1429BB830061260C /* Supporting Files */,
			);
			name = "Transform Flow";
			path = source/TransformFlow;
			sourceTree = "<group>";
		};
		7E29AF25179F878F00B2C5CB /* Algorithms */ = {
			isa = PBXGroup;
			children = (
				7EAD14AA176D6B1900E9FC60 /* MotionModel.h */,
				7EAD14A9176D6B1900E9FC60 /* MotionModel.cpp */,
				7E53597F17BB16A6001C1D7A /* Basic Sensor Motion Model */,
				7E53597D17BB168C001C1D7A /* Hybrid Motion Model */,
				7E53597E17BB1699001C1D7A /* Optical Flow Motion Model */,
			);
			name = Algorithms;
			sourceTree = "<group>";
		};
		7E29AF26179F87A900B2C5CB /* Renderer */ = {
			isa = PBXGroup;
			children = (
				7E29AF28179F886E00B2C5CB /* MarkerRenderer.h */,
				7E29AF27179F886E00B2C5CB /* MarkerRenderer.cpp */,
				7E29AF2B179F897A00B2C5CB /* VideoStreamRenderer.h */,
				7E29AF2A179F897A00B2C5CB /* VideoStreamRenderer.cpp */,
				7EF9533914E268A000F17E0D /* VideoStream.h */,
				7EF9533814E268A000F17E0D /* VideoStream.cpp */,
				7EFA1F6E178C54AA00A2EE68 /* AxisRenderer.h */,
				7EFA1F6D178C54AA00A2EE68 /* AxisRenderer.cpp */,
			);
			name = Renderer;
			sourceTree = "<group>";
		};
		7E53597D17BB168C001C1D7A /* Hybrid Motion Model */ = {
			isa = PBXGroup;
			children = (
				7E53597817B88567001C1D7A /* HybridMotionModel.h */,
				7E53597717B88567001C1D7A /* HybridMotionModel.cpp */,
				7EA5988E172B54CA0064B19E /* FeaturePoint.h */,
				7EA5988D172B54CA0064B19E /* FeaturePoint.cpp */,
				7EAD794814FF0F38006A4F25 /* FeaturePoints.h */,
				7EAD794714FF0F38006A4F25 /* FeaturePoints.cpp */,
				7E53597517B884B9001C1D7A /* FastAlignment.h */,
				7E53597417B884B9001C1D7A /* FastAlignment.cpp */,
				7EAE16DE1725745900D69539 /* FeatureTable.h */,
				7EAE16DD1725745900D69539 /* FeatureTable.cpp */,
			);
			name = "Hybrid Motion Model";
			sourceTree = "<group>";
		};
		7E53597E17BB1699001C1D7A /* Optical Flow Motion Model */ = {
			isa = PBXGroup;
			children = (
				7E53597B17B885F0001C1D7A /* OpticalFlowMotionModel.h */,
				7E53597A17B885EF001C1D7A /* OpticalFlowMotionModel.cpp */,
				7E8EEE7515E48A0A006AC4AF /* FeatureAlgorithm.h */,
				7E8EEE7415E48A0A006AC4AF /* FeatureAlgorithm.cpp */,
			);
			name = "Optical Flow Motion Model";
			sourceTree = "<group>";
		};
		7E53597F17BB16A6001C1D7A /* Basic Sensor Motion Model */ = {
			isa = PBXGroup;
			children = (
				7EB66DB0177298DC007CF247 /* BasicSensorMotionModel.h */,
				7EB66DAF177298DC007CF247 /* BasicSensorMotionModel.cpp */,
			);
			name = "Basic Sensor Motion Model";
			sourceTree = "<group>";
		};
		7E9E41C014286DCF0061260C /* Frameworks */ = {
			isa = PBXGroup;
			children = (
				7E9EA73B142306E300F8BC49 /* OpenGL.framework */,
			);
			name = Frameworks;
			sourceTree = "<group>";
		};
		7E9E423F1429BB830061260C /* Supporting Files */ = {
			isa = PBXGroup;
			children = (
			);
			name = "Supporting Files";
			sourceTree = "<group>";
		};
/* End PBXGroup section */

/* Begin PBXNativeTarget section */
		7E14F83A1422FAA200AB80F1 /* Transform Flow */ = {
			isa = PBXNativeTarget;
			buildConfigurationList = 7E14F8451422FAA300AB80F1 /* Build configuration list for PBXNativeTarget "Transform Flow" */;
			buildPhases = (
				7E14F8371422FAA200AB80F1 /* Sources */,
				7E14F8381422FAA200AB80F1 /* Frameworks */,
				7E14F8391422FAA200AB80F1 /* CopyFiles */,
			);
			buildRules = (
			);
			dependencies = (
			);
			name = "Transform Flow";
			productName = Demo;
			productReference = 7E14F83B1422FAA200AB80F1 /* Transform Flow */;
			productType = "com.apple.product-type.tool";
		};
/* End PBXNativeTarget section */

/* Begin PBXProject section */
		7E14F8321422FAA200AB80F1 /* Project object */ = {
			isa = PBXProject;
			attributes = {
				LastUpgradeCheck = 0420;
				ORGANIZATIONNAME = "Orion Transfer Ltd";
			};
			buildConfigurationList = 7E14F8351422FAA200AB80F1 /* Build configuration list for PBXProject "Transform Flow" */;
			compatibilityVersion = "Xcode 3.2";
			developmentRegion = English;
			hasScannedForEncodings = 0;
			knownRegions = (
				en,
			);
			mainGroup = 7E14F8301422FAA200AB80F1;
			productRefGroup = 7E14F83C1422FAA200AB80F1 /* Products */;
			projectDirPath = "";
			projectRoot = "";
			targets = (
				7E14F83A1422FAA200AB80F1 /* Transform Flow */,
			);
		};
/* End PBXProject section */

/* Begin PBXSourcesBuildPhase section */
		7E14F8371422FAA200AB80F1 /* Sources */ = {
			isa = PBXSourcesBuildPhase;
			buildActionMask = 2147483647;
			files = (
				7E14F8401422FAA300AB80F1 /* main.cpp in Sources */,
				7EF9533A14E268A000F17E0D /* VideoStream.cpp in Sources */,
				7EAD794914FF0F38006A4F25 /* FeaturePoints.cpp in Sources */,
				7E8EEE7615E48A0A006AC4AF /* FeatureAlgorithm.cpp in Sources */,
				7EAE16DF1725745900D69539 /* FeatureTable.cpp in Sources */,
				7EA5988F172B54CA0064B19E /* FeaturePoint.cpp in Sources */,
				7EAD14AB176D6B1900E9FC60 /* MotionModel.cpp in Sources */,
				7EB66DB1177298DC007CF247 /* BasicSensorMotionModel.cpp in Sources */,
				7EFA1F6F178C54AA00A2EE68 /* AxisRenderer.cpp in Sources */,
				7E29AF29179F886E00B2C5CB /* MarkerRenderer.cpp in Sources */,
				7E29AF2C179F897A00B2C5CB /* VideoStreamRenderer.cpp in Sources */,
				7E53597617B884B9001C1D7A /* FastAlignment.cpp in Sources */,
				7E53597917B88567001C1D7A /* HybridMotionModel.cpp in Sources */,
				7E53597C17B885F0001C1D7A /* OpticalFlowMotionModel.cpp in Sources */,
			);
			runOnlyForDeploymentPostprocessing = 0;
		};
/* End PBXSourcesBuildPhase section */

/* Begin XCBuildConfiguration section */
		7E14F8431422FAA300AB80F1 /* Debug */ = {
			isa = XCBuildConfiguration;
			baseConfigurationReference = 7E14F84D1422FB0000AB80F1 /* transform-flow.xcconfig */;
			buildSettings = {
				ALWAYS_SEARCH_USER_PATHS = NO;
				ARCHS = "$(ARCHS_STANDARD_64_BIT)";
				COPY_PHASE_STRIP = NO;
				GCC_C_LANGUAGE_STANDARD = gnu99;
				GCC_DYNAMIC_NO_PIC = NO;
				GCC_ENABLE_OBJC_EXCEPTIONS = YES;
				GCC_OPTIMIZATION_LEVEL = 0;
				GCC_PREPROCESSOR_DEFINITIONS = (
					"DEBUG=1",
					"$(inherited)",
				);
				GCC_SYMBOLS_PRIVATE_EXTERN = NO;
				GCC_VERSION = com.apple.compilers.llvm.clang.1_0;
				GCC_WARN_64_TO_32_BIT_CONVERSION = YES;
				GCC_WARN_ABOUT_MISSING_PROTOTYPES = YES;
				GCC_WARN_ABOUT_RETURN_TYPE = YES;
				GCC_WARN_UNUSED_VARIABLE = YES;
				MACOSX_DEPLOYMENT_TARGET = 10.7;
				ONLY_ACTIVE_ARCH = YES;
				SDKROOT = macosx;
			};
			name = Debug;
		};
		7E14F8441422FAA300AB80F1 /* Release */ = {
			isa = XCBuildConfiguration;
			baseConfigurationReference = 7E14F84D1422FB0000AB80F1 /* transform-flow.xcconfig */;
			buildSettings = {
				ALWAYS_SEARCH_USER_PATHS = NO;
				ARCHS = "$(ARCHS_STANDARD_64_BIT)";
				COPY_PHASE_STRIP = YES;
				DEBUG_INFORMATION_FORMAT = "dwarf-with-dsym";
				GCC_C_LANGUAGE_STANDARD = gnu99;
				GCC_ENABLE_OBJC_EXCEPTIONS = YES;
				GCC_VERSION = com.apple.compilers.llvm.clang.1_0;
				GCC_WARN_64_TO_32_BIT_CONVERSION = YES;
				GCC_WARN_ABOUT_MISSING_PROTOTYPES = YES;
				GCC_WARN_ABOUT_RETURN_TYPE = YES;
				GCC_WARN_UNUSED_VARIABLE = YES;
				MACOSX_DEPLOYMENT_TARGET = 10.7;
				SDKROOT = macosx;
			};
			name = Release;
		};
		7E14F8461422FAA300AB80F1 /* Debug */ = {
			isa = XCBuildConfiguration;
			buildSettings = {
				PRODUCT_NAME = "Transform Flow";
			};
			name = Debug;
		};
		7E14F8471422FAA300AB80F1 /* Release */ = {
			isa = XCBuildConfiguration;
			buildSettings = {
				PRODUCT_NAME = "Transform Flow";
			};
			name = Release;
		};
/* End XCBuildConfiguration section */

/* Begin XCConfigurationList section */
		7E14F8351422FAA200AB80F1 /* Build configuration list for PBXProject "Transform Flow" */ = {
			isa = XCConfigurationList;
			buildConfigurations = (
				7E14F8431422FAA300AB80F1 /* Debug */,
				7E14F8441422FAA300AB80F1 /* Release */,
			);
			defaultConfigurationIsVisible = 0;
			defaultConfigurationName = Release;
		};
		7E14F8451422FAA300AB80F1 /* Build configuration list for PBXNativeTarget "Transform Flow" */ = {
			isa = XCConfigurationList;
			buildConfigurations = (
				7E14F8461422FAA300AB80F1 /* Debug */,
				7E14F8471422FAA300AB80F1 /* Release */,
			);
			defaultConfigurationIsVisible = 0;
			defaultConfigurationName = Release;
		};
/* End XCConfigurationList section */
	};
	rootObject = 7E14F8321422FAA200AB80F1 /* Project object */;
}
